// !$*UTF8*$!
{
	archiveVersion = 1;
	classes = {
	};
	objectVersion = 50;
	objects = {

/* Begin PBXBuildFile section */
		040AD84E2740AFA000FD2C26 /* NCToggleSwitch.h in Headers */ = {isa = PBXBuildFile; fileRef = 040AD83E2740AFA000FD2C26 /* NCToggleSwitch.h */; settings = {ATTRIBUTES = (Public, ); }; };
		040AD8512740AFA000FD2C26 /* NCToggleSwitch.framework in Frameworks */ = {isa = PBXBuildFile; fileRef = 040AD83C2740AFA000FD2C26 /* NCToggleSwitch.framework */; };
		040AD8522740AFA000FD2C26 /* NCToggleSwitch.framework in Embed Frameworks */ = {isa = PBXBuildFile; fileRef = 040AD83C2740AFA000FD2C26 /* NCToggleSwitch.framework */; settings = {ATTRIBUTES = (CodeSignOnCopy, RemoveHeadersOnCopy, ); }; };
		040AD85C2740AFC300FD2C26 /* SwitchConfiguration.swift in Sources */ = {isa = PBXBuildFile; fileRef = 040AD85A2740AFC300FD2C26 /* SwitchConfiguration.swift */; };
		040AD85D2740AFC300FD2C26 /* ToggleSwitch.swift in Sources */ = {isa = PBXBuildFile; fileRef = 040AD85B2740AFC300FD2C26 /* ToggleSwitch.swift */; };
		04BA3D30271C548F004D7655 /* NCToggleSwitch.podspec in Resources */ = {isa = PBXBuildFile; fileRef = 04BA3D2F271C548F004D7655 /* NCToggleSwitch.podspec */; };
		84E9BB782650CAF9005C9948 /* AppDelegate.swift in Sources */ = {isa = PBXBuildFile; fileRef = 84E9BB772650CAF9005C9948 /* AppDelegate.swift */; };
		84E9BB7A2650CAF9005C9948 /* SceneDelegate.swift in Sources */ = {isa = PBXBuildFile; fileRef = 84E9BB792650CAF9005C9948 /* SceneDelegate.swift */; };
		84E9BB7C2650CAF9005C9948 /* ViewController.swift in Sources */ = {isa = PBXBuildFile; fileRef = 84E9BB7B2650CAF9005C9948 /* ViewController.swift */; };
		84E9BB7F2650CAF9005C9948 /* Main.storyboard in Resources */ = {isa = PBXBuildFile; fileRef = 84E9BB7D2650CAF9005C9948 /* Main.storyboard */; };
		84E9BB812650CAFA005C9948 /* Assets.xcassets in Resources */ = {isa = PBXBuildFile; fileRef = 84E9BB802650CAFA005C9948 /* Assets.xcassets */; };
		84E9BB842650CAFA005C9948 /* LaunchScreen.storyboard in Resources */ = {isa = PBXBuildFile; fileRef = 84E9BB822650CAFA005C9948 /* LaunchScreen.storyboard */; };
/* End PBXBuildFile section */

/* Begin PBXContainerItemProxy section */
		040AD84F2740AFA000FD2C26 /* PBXContainerItemProxy */ = {
			isa = PBXContainerItemProxy;
			containerPortal = 84E9BB6C2650CAF9005C9948 /* Project object */;
			proxyType = 1;
			remoteGlobalIDString = 040AD83B2740AFA000FD2C26;
			remoteInfo = NCToggleSwitch;
		};
/* End PBXContainerItemProxy section */

/* Begin PBXCopyFilesBuildPhase section */
		04008139271C186F004B0A49 /* Embed Frameworks */ = {
			isa = PBXCopyFilesBuildPhase;
			buildActionMask = 2147483647;
			dstPath = "";
			dstSubfolderSpec = 10;
			files = (
				040AD8522740AFA000FD2C26 /* NCToggleSwitch.framework in Embed Frameworks */,
			);
			name = "Embed Frameworks";
			runOnlyForDeploymentPostprocessing = 0;
		};
/* End PBXCopyFilesBuildPhase section */

/* Begin PBXFileReference section */
		040AD83C2740AFA000FD2C26 /* NCToggleSwitch.framework */ = {isa = PBXFileReference; explicitFileType = wrapper.framework; includeInIndex = 0; path = NCToggleSwitch.framework; sourceTree = BUILT_PRODUCTS_DIR; };
		040AD83E2740AFA000FD2C26 /* NCToggleSwitch.h */ = {isa = PBXFileReference; lastKnownFileType = sourcecode.c.h; path = NCToggleSwitch.h; sourceTree = "<group>"; };
		040AD83F2740AFA000FD2C26 /* Info.plist */ = {isa = PBXFileReference; lastKnownFileType = text.plist.xml; path = Info.plist; sourceTree = "<group>"; };
		040AD85A2740AFC300FD2C26 /* SwitchConfiguration.swift */ = {isa = PBXFileReference; lastKnownFileType = sourcecode.swift; path = SwitchConfiguration.swift; sourceTree = "<group>"; };
		040AD85B2740AFC300FD2C26 /* ToggleSwitch.swift */ = {isa = PBXFileReference; lastKnownFileType = sourcecode.swift; path = ToggleSwitch.swift; sourceTree = "<group>"; };
		04BA3D2E271C210C004D7655 /* README.md */ = {isa = PBXFileReference; lastKnownFileType = net.daringfireball.markdown; path = README.md; sourceTree = SOURCE_ROOT; };
		04BA3D2F271C548F004D7655 /* NCToggleSwitch.podspec */ = {isa = PBXFileReference; lastKnownFileType = text; path = NCToggleSwitch.podspec; sourceTree = SOURCE_ROOT; };
		04BA3D31271C5E85004D7655 /* LICENSE.txt */ = {isa = PBXFileReference; fileEncoding = 4; lastKnownFileType = text; path = LICENSE.txt; sourceTree = SOURCE_ROOT; };
		84E9BB742650CAF9005C9948 /* Toggle-Switch-With-Label.app */ = {isa = PBXFileReference; explicitFileType = wrapper.application; includeInIndex = 0; path = "Toggle-Switch-With-Label.app"; sourceTree = BUILT_PRODUCTS_DIR; };
		84E9BB772650CAF9005C9948 /* AppDelegate.swift */ = {isa = PBXFileReference; lastKnownFileType = sourcecode.swift; path = AppDelegate.swift; sourceTree = "<group>"; };
		84E9BB792650CAF9005C9948 /* SceneDelegate.swift */ = {isa = PBXFileReference; lastKnownFileType = sourcecode.swift; path = SceneDelegate.swift; sourceTree = "<group>"; };
		84E9BB7B2650CAF9005C9948 /* ViewController.swift */ = {isa = PBXFileReference; lastKnownFileType = sourcecode.swift; path = ViewController.swift; sourceTree = "<group>"; };
		84E9BB7E2650CAF9005C9948 /* Base */ = {isa = PBXFileReference; lastKnownFileType = file.storyboard; name = Base; path = Base.lproj/Main.storyboard; sourceTree = "<group>"; };
		84E9BB802650CAFA005C9948 /* Assets.xcassets */ = {isa = PBXFileReference; lastKnownFileType = folder.assetcatalog; path = Assets.xcassets; sourceTree = "<group>"; };
		84E9BB832650CAFA005C9948 /* Base */ = {isa = PBXFileReference; lastKnownFileType = file.storyboard; name = Base; path = Base.lproj/LaunchScreen.storyboard; sourceTree = "<group>"; };
		84E9BB852650CAFA005C9948 /* Info.plist */ = {isa = PBXFileReference; lastKnownFileType = text.plist.xml; path = Info.plist; sourceTree = "<group>"; };
/* End PBXFileReference section */

/* Begin PBXFrameworksBuildPhase section */
		040AD8392740AFA000FD2C26 /* Frameworks */ = {
			isa = PBXFrameworksBuildPhase;
			buildActionMask = 2147483647;
			files = (
			);
			runOnlyForDeploymentPostprocessing = 0;
		};
		84E9BB712650CAF9005C9948 /* Frameworks */ = {
			isa = PBXFrameworksBuildPhase;
			buildActionMask = 2147483647;
			files = (
				040AD8512740AFA000FD2C26 /* NCToggleSwitch.framework in Frameworks */,
			);
			runOnlyForDeploymentPostprocessing = 0;
		};
/* End PBXFrameworksBuildPhase section */

/* Begin PBXGroup section */
		040AD83D2740AFA000FD2C26 /* NCToggleSwitch */ = {
			isa = PBXGroup;
			children = (
				040AD8592740AFC300FD2C26 /* Module */,
				040AD83E2740AFA000FD2C26 /* NCToggleSwitch.h */,
				040AD83F2740AFA000FD2C26 /* Info.plist */,
			);
			path = NCToggleSwitch;
			sourceTree = "<group>";
		};
		040AD8592740AFC300FD2C26 /* Module */ = {
			isa = PBXGroup;
			children = (
				040AD85A2740AFC300FD2C26 /* SwitchConfiguration.swift */,
				040AD85B2740AFC300FD2C26 /* ToggleSwitch.swift */,
			);
			path = Module;
			sourceTree = "<group>";
		};
		84E9BB6B2650CAF9005C9948 = {
			isa = PBXGroup;
			children = (
				84E9BB762650CAF9005C9948 /* Toggle-Switch-With-Label */,
				040AD83D2740AFA000FD2C26 /* NCToggleSwitch */,
				84E9BB752650CAF9005C9948 /* Products */,
			);
			sourceTree = "<group>";
		};
		84E9BB752650CAF9005C9948 /* Products */ = {
			isa = PBXGroup;
			children = (
				84E9BB742650CAF9005C9948 /* Toggle-Switch-With-Label.app */,
				040AD83C2740AFA000FD2C26 /* NCToggleSwitch.framework */,
			);
			name = Products;
			sourceTree = "<group>";
		};
		84E9BB762650CAF9005C9948 /* Toggle-Switch-With-Label */ = {
			isa = PBXGroup;
			children = (
				84E9BB8B2650CB04005C9948 /* Delegate */,
				84E9BB8C2650CB14005C9948 /* Controller */,
				84E9BB8D2650CB20005C9948 /* Storyboard */,
				84E9BB8E2650CB2F005C9948 /* Global */,
			);
			path = "Toggle-Switch-With-Label";
			sourceTree = "<group>";
		};
		84E9BB8B2650CB04005C9948 /* Delegate */ = {
			isa = PBXGroup;
			children = (
				84E9BB772650CAF9005C9948 /* AppDelegate.swift */,
				84E9BB792650CAF9005C9948 /* SceneDelegate.swift */,
			);
			path = Delegate;
			sourceTree = "<group>";
		};
		84E9BB8C2650CB14005C9948 /* Controller */ = {
			isa = PBXGroup;
			children = (
				84E9BB7B2650CAF9005C9948 /* ViewController.swift */,
			);
			path = Controller;
			sourceTree = "<group>";
		};
		84E9BB8D2650CB20005C9948 /* Storyboard */ = {
			isa = PBXGroup;
			children = (
				84E9BB7D2650CAF9005C9948 /* Main.storyboard */,
			);
			path = Storyboard;
			sourceTree = "<group>";
		};
		84E9BB8E2650CB2F005C9948 /* Global */ = {
			isa = PBXGroup;
			children = (
				04BA3D31271C5E85004D7655 /* LICENSE.txt */,
				04BA3D2F271C548F004D7655 /* NCToggleSwitch.podspec */,
				04BA3D2E271C210C004D7655 /* README.md */,
				84E9BB802650CAFA005C9948 /* Assets.xcassets */,
				84E9BB822650CAFA005C9948 /* LaunchScreen.storyboard */,
				84E9BB852650CAFA005C9948 /* Info.plist */,
			);
			path = Global;
			sourceTree = "<group>";
		};
/* End PBXGroup section */

/* Begin PBXHeadersBuildPhase section */
		040AD8372740AFA000FD2C26 /* Headers */ = {
			isa = PBXHeadersBuildPhase;
			buildActionMask = 2147483647;
			files = (
				040AD84E2740AFA000FD2C26 /* NCToggleSwitch.h in Headers */,
			);
			runOnlyForDeploymentPostprocessing = 0;
		};
/* End PBXHeadersBuildPhase section */

/* Begin PBXNativeTarget section */
		040AD83B2740AFA000FD2C26 /* NCToggleSwitch */ = {
			isa = PBXNativeTarget;
			buildConfigurationList = 040AD8532740AFA000FD2C26 /* Build configuration list for PBXNativeTarget "NCToggleSwitch" */;
			buildPhases = (
				040AD8372740AFA000FD2C26 /* Headers */,
				040AD8382740AFA000FD2C26 /* Sources */,
				040AD8392740AFA000FD2C26 /* Frameworks */,
				040AD83A2740AFA000FD2C26 /* Resources */,
			);
			buildRules = (
			);
			dependencies = (
			);
			name = NCToggleSwitch;
			productName = NCToggleSwitch;
			productReference = 040AD83C2740AFA000FD2C26 /* NCToggleSwitch.framework */;
			productType = "com.apple.product-type.framework";
		};
		84E9BB732650CAF9005C9948 /* Toggle-Switch-With-Label */ = {
			isa = PBXNativeTarget;
			buildConfigurationList = 84E9BB882650CAFA005C9948 /* Build configuration list for PBXNativeTarget "Toggle-Switch-With-Label" */;
			buildPhases = (
				84E9BB702650CAF9005C9948 /* Sources */,
				84E9BB712650CAF9005C9948 /* Frameworks */,
				84E9BB722650CAF9005C9948 /* Resources */,
				04008139271C186F004B0A49 /* Embed Frameworks */,
			);
			buildRules = (
			);
			dependencies = (
				040AD8502740AFA000FD2C26 /* PBXTargetDependency */,
			);
			name = "Toggle-Switch-With-Label";
			productName = "Toggle-Switch-With-Label";
			productReference = 84E9BB742650CAF9005C9948 /* Toggle-Switch-With-Label.app */;
			productType = "com.apple.product-type.application";
		};
/* End PBXNativeTarget section */

/* Begin PBXProject section */
		84E9BB6C2650CAF9005C9948 /* Project object */ = {
			isa = PBXProject;
			attributes = {
				LastSwiftUpdateCheck = 1250;
				LastUpgradeCheck = 1250;
				ORGANIZATIONNAME = "Success Resource Pte Ltd.";
				TargetAttributes = {
					040AD83B2740AFA000FD2C26 = {
						CreatedOnToolsVersion = 12.5.1;
					};
					84E9BB732650CAF9005C9948 = {
						CreatedOnToolsVersion = 11.4.1;
					};
				};
			};
			buildConfigurationList = 84E9BB6F2650CAF9005C9948 /* Build configuration list for PBXProject "Toggle-Switch-With-Label" */;
			compatibilityVersion = "Xcode 9.3";
			developmentRegion = en;
			hasScannedForEncodings = 0;
			knownRegions = (
				en,
				Base,
			);
			mainGroup = 84E9BB6B2650CAF9005C9948;
			productRefGroup = 84E9BB752650CAF9005C9948 /* Products */;
			projectDirPath = "";
			projectRoot = "";
			targets = (
				84E9BB732650CAF9005C9948 /* Toggle-Switch-With-Label */,
				040AD83B2740AFA000FD2C26 /* NCToggleSwitch */,
			);
		};
/* End PBXProject section */

/* Begin PBXResourcesBuildPhase section */
		040AD83A2740AFA000FD2C26 /* Resources */ = {
			isa = PBXResourcesBuildPhase;
			buildActionMask = 2147483647;
			files = (
			);
			runOnlyForDeploymentPostprocessing = 0;
		};
		84E9BB722650CAF9005C9948 /* Resources */ = {
			isa = PBXResourcesBuildPhase;
			buildActionMask = 2147483647;
			files = (
				04BA3D30271C548F004D7655 /* NCToggleSwitch.podspec in Resources */,
				84E9BB842650CAFA005C9948 /* LaunchScreen.storyboard in Resources */,
				84E9BB812650CAFA005C9948 /* Assets.xcassets in Resources */,
				84E9BB7F2650CAF9005C9948 /* Main.storyboard in Resources */,
			);
			runOnlyForDeploymentPostprocessing = 0;
		};
/* End PBXResourcesBuildPhase section */

/* Begin PBXSourcesBuildPhase section */
		040AD8382740AFA000FD2C26 /* Sources */ = {
			isa = PBXSourcesBuildPhase;
			buildActionMask = 2147483647;
			files = (
				040AD85C2740AFC300FD2C26 /* SwitchConfiguration.swift in Sources */,
				040AD85D2740AFC300FD2C26 /* ToggleSwitch.swift in Sources */,
			);
			runOnlyForDeploymentPostprocessing = 0;
		};
		84E9BB702650CAF9005C9948 /* Sources */ = {
			isa = PBXSourcesBuildPhase;
			buildActionMask = 2147483647;
			files = (
				84E9BB7C2650CAF9005C9948 /* ViewController.swift in Sources */,
				84E9BB782650CAF9005C9948 /* AppDelegate.swift in Sources */,
				84E9BB7A2650CAF9005C9948 /* SceneDelegate.swift in Sources */,
			);
			runOnlyForDeploymentPostprocessing = 0;
		};
/* End PBXSourcesBuildPhase section */

/* Begin PBXTargetDependency section */
		040AD8502740AFA000FD2C26 /* PBXTargetDependency */ = {
			isa = PBXTargetDependency;
			target = 040AD83B2740AFA000FD2C26 /* NCToggleSwitch */;
			targetProxy = 040AD84F2740AFA000FD2C26 /* PBXContainerItemProxy */;
		};
/* End PBXTargetDependency section */

/* Begin PBXVariantGroup section */
		84E9BB7D2650CAF9005C9948 /* Main.storyboard */ = {
			isa = PBXVariantGroup;
			children = (
				84E9BB7E2650CAF9005C9948 /* Base */,
			);
			name = Main.storyboard;
			sourceTree = "<group>";
		};
		84E9BB822650CAFA005C9948 /* LaunchScreen.storyboard */ = {
			isa = PBXVariantGroup;
			children = (
				84E9BB832650CAFA005C9948 /* Base */,
			);
			name = LaunchScreen.storyboard;
			sourceTree = "<group>";
		};
/* End PBXVariantGroup section */

/* Begin XCBuildConfiguration section */
		040AD8542740AFA000FD2C26 /* Debug */ = {
			isa = XCBuildConfiguration;
			buildSettings = {
				CODE_SIGN_STYLE = Automatic;
				CURRENT_PROJECT_VERSION = 1;
				DEFINES_MODULE = YES;
				DYLIB_COMPATIBILITY_VERSION = 1;
				DYLIB_CURRENT_VERSION = 1;
				DYLIB_INSTALL_NAME_BASE = "@rpath";
				INFOPLIST_FILE = NCToggleSwitch/Info.plist;
				INSTALL_PATH = "$(LOCAL_LIBRARY_DIR)/Frameworks";
				IPHONEOS_DEPLOYMENT_TARGET = 12.1;
				LD_RUNPATH_SEARCH_PATHS = (
					"$(inherited)",
					"@executable_path/Frameworks",
					"@loader_path/Frameworks",
				);
				PRODUCT_BUNDLE_IDENTIFIER = "Sparkout-Tech-Solution.NCToggleSwitch";
				PRODUCT_NAME = "$(TARGET_NAME:c99extidentifier)";
				SKIP_INSTALL = YES;
				SUPPORTS_MACCATALYST = NO;
				SWIFT_VERSION = 5.0;
				TARGETED_DEVICE_FAMILY = "1,2";
				VERSIONING_SYSTEM = "apple-generic";
				VERSION_INFO_PREFIX = "";
			};
			name = Debug;
		};
		040AD8552740AFA000FD2C26 /* Release */ = {
			isa = XCBuildConfiguration;
			buildSettings = {
				CODE_SIGN_STYLE = Automatic;
				CURRENT_PROJECT_VERSION = 1;
				DEFINES_MODULE = YES;
				DYLIB_COMPATIBILITY_VERSION = 1;
				DYLIB_CURRENT_VERSION = 1;
				DYLIB_INSTALL_NAME_BASE = "@rpath";
				INFOPLIST_FILE = NCToggleSwitch/Info.plist;
				INSTALL_PATH = "$(LOCAL_LIBRARY_DIR)/Frameworks";
				IPHONEOS_DEPLOYMENT_TARGET = 12.1;
				LD_RUNPATH_SEARCH_PATHS = (
					"$(inherited)",
					"@executable_path/Frameworks",
					"@loader_path/Frameworks",
				);
				PRODUCT_BUNDLE_IDENTIFIER = "Sparkout-Tech-Solution.NCToggleSwitch";
				PRODUCT_NAME = "$(TARGET_NAME:c99extidentifier)";
				SKIP_INSTALL = YES;
				SUPPORTS_MACCATALYST = NO;
				SWIFT_VERSION = 5.0;
				TARGETED_DEVICE_FAMILY = "1,2";
				VERSIONING_SYSTEM = "apple-generic";
				VERSION_INFO_PREFIX = "";
			};
			name = Release;
		};
		84E9BB862650CAFA005C9948 /* Debug */ = {
			isa = XCBuildConfiguration;
			buildSettings = {
				ALWAYS_SEARCH_USER_PATHS = NO;
				CLANG_ANALYZER_NONNULL = YES;
				CLANG_ANALYZER_NUMBER_OBJECT_CONVERSION = YES_AGGRESSIVE;
				CLANG_CXX_LANGUAGE_STANDARD = "gnu++14";
				CLANG_CXX_LIBRARY = "libc++";
				CLANG_ENABLE_MODULES = YES;
				CLANG_ENABLE_OBJC_ARC = YES;
				CLANG_ENABLE_OBJC_WEAK = YES;
				CLANG_WARN_BLOCK_CAPTURE_AUTORELEASING = YES;
				CLANG_WARN_BOOL_CONVERSION = YES;
				CLANG_WARN_COMMA = YES;
				CLANG_WARN_CONSTANT_CONVERSION = YES;
				CLANG_WARN_DEPRECATED_OBJC_IMPLEMENTATIONS = YES;
				CLANG_WARN_DIRECT_OBJC_ISA_USAGE = YES_ERROR;
				CLANG_WARN_DOCUMENTATION_COMMENTS = YES;
				CLANG_WARN_EMPTY_BODY = YES;
				CLANG_WARN_ENUM_CONVERSION = YES;
				CLANG_WARN_INFINITE_RECURSION = YES;
				CLANG_WARN_INT_CONVERSION = YES;
				CLANG_WARN_NON_LITERAL_NULL_CONVERSION = YES;
				CLANG_WARN_OBJC_IMPLICIT_RETAIN_SELF = YES;
				CLANG_WARN_OBJC_LITERAL_CONVERSION = YES;
				CLANG_WARN_OBJC_ROOT_CLASS = YES_ERROR;
				CLANG_WARN_QUOTED_INCLUDE_IN_FRAMEWORK_HEADER = YES;
				CLANG_WARN_RANGE_LOOP_ANALYSIS = YES;
				CLANG_WARN_STRICT_PROTOTYPES = YES;
				CLANG_WARN_SUSPICIOUS_MOVE = YES;
				CLANG_WARN_UNGUARDED_AVAILABILITY = YES_AGGRESSIVE;
				CLANG_WARN_UNREACHABLE_CODE = YES;
				CLANG_WARN__DUPLICATE_METHOD_MATCH = YES;
				COPY_PHASE_STRIP = NO;
				DEBUG_INFORMATION_FORMAT = dwarf;
				ENABLE_STRICT_OBJC_MSGSEND = YES;
				ENABLE_TESTABILITY = YES;
				GCC_C_LANGUAGE_STANDARD = gnu11;
				GCC_DYNAMIC_NO_PIC = NO;
				GCC_NO_COMMON_BLOCKS = YES;
				GCC_OPTIMIZATION_LEVEL = 0;
				GCC_PREPROCESSOR_DEFINITIONS = (
					"DEBUG=1",
					"$(inherited)",
				);
				GCC_WARN_64_TO_32_BIT_CONVERSION = YES;
				GCC_WARN_ABOUT_RETURN_TYPE = YES_ERROR;
				GCC_WARN_UNDECLARED_SELECTOR = YES;
				GCC_WARN_UNINITIALIZED_AUTOS = YES_AGGRESSIVE;
				GCC_WARN_UNUSED_FUNCTION = YES;
				GCC_WARN_UNUSED_VARIABLE = YES;
				IPHONEOS_DEPLOYMENT_TARGET = 13.4;
				MTL_ENABLE_DEBUG_INFO = INCLUDE_SOURCE;
				MTL_FAST_MATH = YES;
				ONLY_ACTIVE_ARCH = YES;
				SDKROOT = iphoneos;
				SWIFT_ACTIVE_COMPILATION_CONDITIONS = DEBUG;
				SWIFT_OPTIMIZATION_LEVEL = "-Onone";
			};
			name = Debug;
		};
		84E9BB872650CAFA005C9948 /* Release */ = {
			isa = XCBuildConfiguration;
			buildSettings = {
				ALWAYS_SEARCH_USER_PATHS = NO;
				CLANG_ANALYZER_NONNULL = YES;
				CLANG_ANALYZER_NUMBER_OBJECT_CONVERSION = YES_AGGRESSIVE;
				CLANG_CXX_LANGUAGE_STANDARD = "gnu++14";
				CLANG_CXX_LIBRARY = "libc++";
				CLANG_ENABLE_MODULES = YES;
				CLANG_ENABLE_OBJC_ARC = YES;
				CLANG_ENABLE_OBJC_WEAK = YES;
				CLANG_WARN_BLOCK_CAPTURE_AUTORELEASING = YES;
				CLANG_WARN_BOOL_CONVERSION = YES;
				CLANG_WARN_COMMA = YES;
				CLANG_WARN_CONSTANT_CONVERSION = YES;
				CLANG_WARN_DEPRECATED_OBJC_IMPLEMENTATIONS = YES;
				CLANG_WARN_DIRECT_OBJC_ISA_USAGE = YES_ERROR;
				CLANG_WARN_DOCUMENTATION_COMMENTS = YES;
				CLANG_WARN_EMPTY_BODY = YES;
				CLANG_WARN_ENUM_CONVERSION = YES;
				CLANG_WARN_INFINITE_RECURSION = YES;
				CLANG_WARN_INT_CONVERSION = YES;
				CLANG_WARN_NON_LITERAL_NULL_CONVERSION = YES;
				CLANG_WARN_OBJC_IMPLICIT_RETAIN_SELF = YES;
				CLANG_WARN_OBJC_LITERAL_CONVERSION = YES;
				CLANG_WARN_OBJC_ROOT_CLASS = YES_ERROR;
				CLANG_WARN_QUOTED_INCLUDE_IN_FRAMEWORK_HEADER = YES;
				CLANG_WARN_RANGE_LOOP_ANALYSIS = YES;
				CLANG_WARN_STRICT_PROTOTYPES = YES;
				CLANG_WARN_SUSPICIOUS_MOVE = YES;
				CLANG_WARN_UNGUARDED_AVAILABILITY = YES_AGGRESSIVE;
				CLANG_WARN_UNREACHABLE_CODE = YES;
				CLANG_WARN__DUPLICATE_METHOD_MATCH = YES;
				COPY_PHASE_STRIP = NO;
				DEBUG_INFORMATION_FORMAT = "dwarf-with-dsym";
				ENABLE_NS_ASSERTIONS = NO;
				ENABLE_STRICT_OBJC_MSGSEND = YES;
				GCC_C_LANGUAGE_STANDARD = gnu11;
				GCC_NO_COMMON_BLOCKS = YES;
				GCC_WARN_64_TO_32_BIT_CONVERSION = YES;
				GCC_WARN_ABOUT_RETURN_TYPE = YES_ERROR;
				GCC_WARN_UNDECLARED_SELECTOR = YES;
				GCC_WARN_UNINITIALIZED_AUTOS = YES_AGGRESSIVE;
				GCC_WARN_UNUSED_FUNCTION = YES;
				GCC_WARN_UNUSED_VARIABLE = YES;
				IPHONEOS_DEPLOYMENT_TARGET = 13.4;
				MTL_ENABLE_DEBUG_INFO = NO;
				MTL_FAST_MATH = YES;
				SDKROOT = iphoneos;
				SWIFT_COMPILATION_MODE = wholemodule;
				SWIFT_OPTIMIZATION_LEVEL = "-O";
				VALIDATE_PRODUCT = YES;
			};
			name = Release;
		};
		84E9BB892650CAFA005C9948 /* Debug */ = {
			isa = XCBuildConfiguration;
			buildSettings = {
				ALWAYS_EMBED_SWIFT_STANDARD_LIBRARIES = YES;
				ASSETCATALOG_COMPILER_APPICON_NAME = AppIcon;
				CODE_SIGN_STYLE = Automatic;
				INFOPLIST_FILE = "Toggle-Switch-With-Label/Global/Info.plist";
				LD_RUNPATH_SEARCH_PATHS = (
					"$(inherited)",
					"@executable_path/Frameworks",
				);
				PRODUCT_BUNDLE_IDENTIFIER = "com.sr.Toggle-Switch-With-Label";
				PRODUCT_NAME = "$(TARGET_NAME)";
				SWIFT_VERSION = 5.0;
				TARGETED_DEVICE_FAMILY = "1,2";
			};
			name = Debug;
		};
		84E9BB8A2650CAFA005C9948 /* Release */ = {
			isa = XCBuildConfiguration;
			buildSettings = {
				ALWAYS_EMBED_SWIFT_STANDARD_LIBRARIES = YES;
				ASSETCATALOG_COMPILER_APPICON_NAME = AppIcon;
				CODE_SIGN_STYLE = Automatic;
				INFOPLIST_FILE = "Toggle-Switch-With-Label/Global/Info.plist";
				LD_RUNPATH_SEARCH_PATHS = (
					"$(inherited)",
					"@executable_path/Frameworks",
				);
				PRODUCT_BUNDLE_IDENTIFIER = "com.sr.Toggle-Switch-With-Label";
				PRODUCT_NAME = "$(TARGET_NAME)";
				SWIFT_VERSION = 5.0;
				TARGETED_DEVICE_FAMILY = "1,2";
			};
			name = Release;
		};
/* End XCBuildConfiguration section */

/* Begin XCConfigurationList section */
		040AD8532740AFA000FD2C26 /* Build configuration list for PBXNativeTarget "NCToggleSwitch" */ = {
			isa = XCConfigurationList;
			buildConfigurations = (
				040AD8542740AFA000FD2C26 /* Debug */,
				040AD8552740AFA000FD2C26 /* Release */,
			);
			defaultConfigurationIsVisible = 0;
			defaultConfigurationName = Release;
		};
		84E9BB6F2650CAF9005C9948 /* Build configuration list for PBXProject "Toggle-Switch-With-Label" */ = {
			isa = XCConfigurationList;
			buildConfigurations = (
				84E9BB862650CAFA005C9948 /* Debug */,
				84E9BB872650CAFA005C9948 /* Release */,
			);
			defaultConfigurationIsVisible = 0;
			defaultConfigurationName = Release;
		};
		84E9BB882650CAFA005C9948 /* Build configuration list for PBXNativeTarget "Toggle-Switch-With-Label" */ = {
			isa = XCConfigurationList;
			buildConfigurations = (
				84E9BB892650CAFA005C9948 /* Debug */,
				84E9BB8A2650CAFA005C9948 /* Release */,
			);
			defaultConfigurationIsVisible = 0;
			defaultConfigurationName = Release;
		};
/* End XCConfigurationList section */
	};
	rootObject = 84E9BB6C2650CAF9005C9948 /* Project object */;
}
